<?xml version="1.0" encoding="utf-8"?>
<Project ToolsVersion="4.0" xmlns="http://schemas.microsoft.com/developer/msbuild/2003">
  <ItemGroup>
    <Filter Include="Fichiers sources">
      <UniqueIdentifier>{4FC737F1-C7A5-4376-A066-2A32D752A2FF}</UniqueIdentifier>
      <Extensions>cpp;c;cc;cxx;c++;cppm;ixx;def;odl;idl;hpj;bat;asm;asmx</Extensions>
    </Filter>
    <Filter Include="Fichiers d%27en-tête">
      <UniqueIdentifier>{93995380-89BD-4b04-88EB-625FBE52EBFB}</UniqueIdentifier>
      <Extensions>h;hh;hpp;hxx;h++;hm;inl;inc;ipp;xsd</Extensions>
    </Filter>
    <Filter Include="Fichiers de ressources">
      <UniqueIdentifier>{67DA6AB6-F800-4c08-8B7A-83BB121AAD01}</UniqueIdentifier>
      <Extensions>rc;ico;cur;bmp;dlg;rc2;rct;bin;rgs;gif;jpg;jpeg;jpe;resx;tiff;tif;png;wav;mfcribbon-ms</Extensions>
    </Filter>
    <Filter Include="Fichiers d%27en-tête\UserInterface">
      <UniqueIdentifier>{b12c84ec-1115-4af6-9a12-a62d049da3ff}</UniqueIdentifier>
    </Filter>
    <Filter Include="Fichiers d%27en-tête\RobotControl">
      <UniqueIdentifier>{4181e58b-a5c4-4eaf-b9cd-6e67c2b37fd3}</UniqueIdentifier>
    </Filter>
    <Filter Include="Fichiers d%27en-tête\Negamax">
      <UniqueIdentifier>{eb275cee-f682-48d7-9327-eb5252bb2597}</UniqueIdentifier>
    </Filter>
    <Filter Include="Fichiers d%27en-tête\Camera">
      <UniqueIdentifier>{7d88466b-c31a-49a8-9429-56c9aa70fe42}</UniqueIdentifier>
    </Filter>
    <Filter Include="Fichiers sources\RobotControl">
      <UniqueIdentifier>{8eb54529-ed19-4ee8-97dd-299d0ad5d4a5}</UniqueIdentifier>
    </Filter>
    <Filter Include="Fichiers sources\UserInterface">
      <UniqueIdentifier>{bac355ea-5a25-4bb1-b657-79291338191d}</UniqueIdentifier>
    </Filter>
    <Filter Include="Fichiers sources\Negamax">
      <UniqueIdentifier>{98c69b84-f0f8-4ff6-a8d4-9d8ef5905c46}</UniqueIdentifier>
    </Filter>
    <Filter Include="Fichiers sources\Camera">
      <UniqueIdentifier>{ba93bc04-de78-4fc8-8758-6e3e505503fa}</UniqueIdentifier>
    </Filter>
  </ItemGroup>
  <ItemGroup>
    <ClCompile Include="main.cpp">
      <Filter>Fichiers sources</Filter>
    </ClCompile>
    <ClCompile Include="StateMachine.cpp">
      <Filter>Fichiers sources</Filter>
    </ClCompile>
    <ClCompile Include="Board.cpp">
      <Filter>Fichiers sources\Negamax</Filter>
    </ClCompile>
    <ClCompile Include="BoardDetector.cpp">
      <Filter>Fichiers sources\Camera</Filter>
    </ClCompile>
    <ClCompile Include="Button.cpp">
      <Filter>Fichiers sources\UserInterface</Filter>
    </ClCompile>
    <ClCompile Include="Camera.cpp">
      <Filter>Fichiers sources\Camera</Filter>
    </ClCompile>
    <ClCompile Include="FrameDetail.cpp">
      <Filter>Fichiers sources\UserInterface</Filter>
    </ClCompile>
    <ClCompile Include="GameUI.cpp">
      <Filter>Fichiers sources\UserInterface</Filter>
    </ClCompile>
    <ClCompile Include="MainMenu.cpp">
      <Filter>Fichiers sources\UserInterface</Filter>
    </ClCompile>
    <ClCompile Include="Negamax.cpp">
      <Filter>Fichiers sources\Negamax</Filter>
    </ClCompile>
    <ClCompile Include="Robot.cpp">
      <Filter>Fichiers sources\RobotControl</Filter>
    </ClCompile>
    <ClCompile Include="uiController.cpp">
      <Filter>Fichiers sources\UserInterface</Filter>
    </ClCompile>
    <ClCompile Include="Rules.cpp">
      <Filter>Fichiers sources\UserInterface</Filter>
    </ClCompile>
    <ClCompile Include="InputBar.cpp">
      <Filter>Fichiers sources\UserInterface</Filter>
    </ClCompile>
  </ItemGroup>
  <ItemGroup>
    <ClInclude Include="StateMachine.h">
      <Filter>Fichiers d%27en-tête</Filter>
    </ClInclude>
    <ClInclude Include="Board.h">
      <Filter>Fichiers d%27en-tête\Negamax</Filter>
    </ClInclude>
    <ClInclude Include="BoardDetector.h">
      <Filter>Fichiers d%27en-tête\Camera</Filter>
    </ClInclude>
    <ClInclude Include="Button.h">
      <Filter>Fichiers d%27en-tête\UserInterface</Filter>
    </ClInclude>
    <ClInclude Include="Camera.h">
      <Filter>Fichiers d%27en-tête\Camera</Filter>
    </ClInclude>
    <ClInclude Include="FrameDetail.h">
      <Filter>Fichiers d%27en-tête\UserInterface</Filter>
    </ClInclude>
    <ClInclude Include="GameUI.h">
      <Filter>Fichiers d%27en-tête\UserInterface</Filter>
    </ClInclude>
    <ClInclude Include="MainMenu.h">
      <Filter>Fichiers d%27en-tête\UserInterface</Filter>
    </ClInclude>
    <ClInclude Include="Negamax.h">
      <Filter>Fichiers d%27en-tête\Negamax</Filter>
    </ClInclude>
    <ClInclude Include="Robot.h">
      <Filter>Fichiers d%27en-tête\RobotControl</Filter>
    </ClInclude>
    <ClInclude Include="uiController.h">
      <Filter>Fichiers d%27en-tête\UserInterface</Filter>
    </ClInclude>
    <ClInclude Include="Rules.h">
      <Filter>Fichiers d%27en-tête\UserInterface</Filter>
    </ClInclude>
    <ClInclude Include="InputBar.h">
      <Filter>Fichiers d%27en-tête\UserInterface</Filter>
    </ClInclude>
  </ItemGroup>
</Project>